
Microsoft Visual Studio Solution File, Format Version 12.00
# Visual Studio Version 17
VisualStudioVersion = 17.1.32421.90
MinimumVisualStudioVersion = 10.0.40219.1
Project("{FAE04EC0-301F-11D3-BF4B-00C04F79EFBC}") = "AutoShowroom", "AutoShowroom\AutoShowroom.csproj", "{250A34C7-AA01-43CB-9309-DC55FD1F6A8B}"
EndProject
Project("{FAE04EC0-301F-11D3-BF4B-00C04F79EFBC}") = "DataAccess", "DataAccess\DataAccess.csproj", "{D5FE5DA6-E88A-4E69-933F-C623664B0A4F}"
EndProject
Global
	GlobalSection(SolutionConfigurationPlatforms) = preSolution
		Debug|Any CPU = Debug|Any CPU
		Release|Any CPU = Release|Any CPU
	EndGlobalSection
	GlobalSection(ProjectConfigurationPlatforms) = postSolution
		{250A34C7-AA01-43CB-9309-DC55FD1F6A8B}.Debug|Any CPU.ActiveCfg = Debug|Any CPU
		{250A34C7-AA01-43CB-9309-DC55FD1F6A8B}.Debug|Any CPU.Build.0 = Debug|Any CPU
		{250A34C7-AA01-43CB-9309-DC55FD1F6A8B}.Release|Any CPU.ActiveCfg = Release|Any CPU
		{250A34C7-AA01-43CB-9309-DC55FD1F6A8B}.Release|Any CPU.Build.0 = Release|Any CPU
		{D5FE5DA6-E88A-4E69-933F-C623664B0A4F}.Debug|Any CPU.ActiveCfg = Debug|Any CPU
		{D5FE5DA6-E88A-4E69-933F-C623664B0A4F}.Debug|Any CPU.Build.0 = Debug|Any CPU
		{D5FE5DA6-E88A-4E69-933F-C623664B0A4F}.Release|Any CPU.ActiveCfg = Release|Any CPU
		{D5FE5DA6-E88A-4E69-933F-C623664B0A4F}.Release|Any CPU.Build.0 = Release|Any CPU
	EndGlobalSection
	GlobalSection(SolutionProperties) = preSolution
		HideSolutionNode = FALSE
	EndGlobalSection
	GlobalSection(ExtensibilityGlobals) = postSolution
		SolutionGuid = {0D0042F2-5B74-474A-8677-A2509BC2B57D}
	EndGlobalSection
EndGlobal
